// !$*UTF8*$!
{
	archiveVersion = 1;
	classes = {
	};
	objectVersion = 46;
	objects = {

/* Begin PBXBuildFile section */
		5882542F29F8AC42F5B6604A /* Pods_githackathon.framework in Frameworks */ = {isa = PBXBuildFile; fileRef = FA7F5369949AC036FFB2CAB4 /* Pods_githackathon.framework */; };
		DC66D9B41C4ABB7C0098B41A /* AppDelegate.swift in Sources */ = {isa = PBXBuildFile; fileRef = DC66D9B31C4ABB7C0098B41A /* AppDelegate.swift */; };
		DC66D9BB1C4ABB7C0098B41A /* Assets.xcassets in Resources */ = {isa = PBXBuildFile; fileRef = DC66D9BA1C4ABB7C0098B41A /* Assets.xcassets */; };
		DC66D9C61C4AF49B0098B41A /* VCOrganizer.swift in Sources */ = {isa = PBXBuildFile; fileRef = DC66D9C51C4AF49B0098B41A /* VCOrganizer.swift */; };
		DC66D9C81C4AF89D0098B41A /* MainVC.swift in Sources */ = {isa = PBXBuildFile; fileRef = DC66D9C71C4AF89D0098B41A /* MainVC.swift */; };
		DC66D9CD1C4AFDFB0098B41A /* CardSubView.swift in Sources */ = {isa = PBXBuildFile; fileRef = DC66D9CC1C4AFDFB0098B41A /* CardSubView.swift */; };
		DC66D9CF1C4AFE0C0098B41A /* MainCard.swift in Sources */ = {isa = PBXBuildFile; fileRef = DC66D9CE1C4AFE0C0098B41A /* MainCard.swift */; };
		DC66D9D11C4AFEA00098B41A /* CardView.swift in Sources */ = {isa = PBXBuildFile; fileRef = DC66D9D01C4AFEA00098B41A /* CardView.swift */; };
		DC66D9D31C4AFF690098B41A /* CardVC.swift in Sources */ = {isa = PBXBuildFile; fileRef = DC66D9D21C4AFF690098B41A /* CardVC.swift */; };
		DC66D9D61C4B00280098B41A /* QorumLogs.swift in Sources */ = {isa = PBXBuildFile; fileRef = DC66D9D51C4B00280098B41A /* QorumLogs.swift */; };
		DC66D9D91C4B008E0098B41A /* CardData.swift in Sources */ = {isa = PBXBuildFile; fileRef = DC66D9D81C4B008E0098B41A /* CardData.swift */; };
		DC66D9DB1C4B02F40098B41A /* Utility.swift in Sources */ = {isa = PBXBuildFile; fileRef = DC66D9DA1C4B02F40098B41A /* Utility.swift */; };
		DC66D9DD1C4B050B0098B41A /* ContentOrganizer.swift in Sources */ = {isa = PBXBuildFile; fileRef = DC66D9DC1C4B050B0098B41A /* ContentOrganizer.swift */; };
		DC66D9DF1C4B063F0098B41A /* SwipeAction.swift in Sources */ = {isa = PBXBuildFile; fileRef = DC66D9DE1C4B063F0098B41A /* SwipeAction.swift */; };
		DC66D9E21C4B12A00098B41A /* LandingVC.swift in Sources */ = {isa = PBXBuildFile; fileRef = DC66D9E11C4B12A00098B41A /* LandingVC.swift */; };
		DC66D9E51C4B1C520098B41A /* AuthorView.swift in Sources */ = {isa = PBXBuildFile; fileRef = DC66D9E41C4B1C520098B41A /* AuthorView.swift */; };
		DC66D9E71C4B31390098B41A /* ContentView.swift in Sources */ = {isa = PBXBuildFile; fileRef = DC66D9E61C4B31390098B41A /* ContentView.swift */; };
		DC66D9E91C4B48D40098B41A /* Network.swift in Sources */ = {isa = PBXBuildFile; fileRef = DC66D9E81C4B48D40098B41A /* Network.swift */; };
		DC66D9EC1C4B94D50098B41A /* SFCompactDisplay-Regular.ttf in Resources */ = {isa = PBXBuildFile; fileRef = DC66D9EB1C4B946E0098B41A /* SFCompactDisplay-Regular.ttf */; };
		DC66D9EE1C4B96D70098B41A /* ImageView.swift in Sources */ = {isa = PBXBuildFile; fileRef = DC66D9ED1C4B96D70098B41A /* ImageView.swift */; };
/* End PBXBuildFile section */

/* Begin PBXFileReference section */
		C4BFD25731B9211AD824E565 /* Pods-githackathon.release.xcconfig */ = {isa = PBXFileReference; includeInIndex = 1; lastKnownFileType = text.xcconfig; name = "Pods-githackathon.release.xcconfig"; path = "Pods/Target Support Files/Pods-githackathon/Pods-githackathon.release.xcconfig"; sourceTree = "<group>"; };
		D893C83283811A5BDC4C6C09 /* Pods-githackathon.debug.xcconfig */ = {isa = PBXFileReference; includeInIndex = 1; lastKnownFileType = text.xcconfig; name = "Pods-githackathon.debug.xcconfig"; path = "Pods/Target Support Files/Pods-githackathon/Pods-githackathon.debug.xcconfig"; sourceTree = "<group>"; };
		DC66D9B01C4ABB7C0098B41A /* githackathon.app */ = {isa = PBXFileReference; explicitFileType = wrapper.application; includeInIndex = 0; path = githackathon.app; sourceTree = BUILT_PRODUCTS_DIR; };
		DC66D9B31C4ABB7C0098B41A /* AppDelegate.swift */ = {isa = PBXFileReference; lastKnownFileType = sourcecode.swift; path = AppDelegate.swift; sourceTree = "<group>"; };
		DC66D9BA1C4ABB7C0098B41A /* Assets.xcassets */ = {isa = PBXFileReference; lastKnownFileType = folder.assetcatalog; path = Assets.xcassets; sourceTree = "<group>"; };
		DC66D9BF1C4ABB7C0098B41A /* Info.plist */ = {isa = PBXFileReference; lastKnownFileType = text.plist.xml; path = Info.plist; sourceTree = "<group>"; };
		DC66D9C51C4AF49B0098B41A /* VCOrganizer.swift */ = {isa = PBXFileReference; fileEncoding = 4; lastKnownFileType = sourcecode.swift; name = VCOrganizer.swift; path = ../VCOrganizer.swift; sourceTree = "<group>"; };
		DC66D9C71C4AF89D0098B41A /* MainVC.swift */ = {isa = PBXFileReference; fileEncoding = 4; lastKnownFileType = sourcecode.swift; path = MainVC.swift; sourceTree = "<group>"; };
		DC66D9CC1C4AFDFB0098B41A /* CardSubView.swift */ = {isa = PBXFileReference; fileEncoding = 4; lastKnownFileType = sourcecode.swift; path = CardSubView.swift; sourceTree = "<group>"; };
		DC66D9CE1C4AFE0C0098B41A /* MainCard.swift */ = {isa = PBXFileReference; fileEncoding = 4; lastKnownFileType = sourcecode.swift; path = MainCard.swift; sourceTree = "<group>"; };
		DC66D9D01C4AFEA00098B41A /* CardView.swift */ = {isa = PBXFileReference; fileEncoding = 4; lastKnownFileType = sourcecode.swift; path = CardView.swift; sourceTree = "<group>"; };
		DC66D9D21C4AFF690098B41A /* CardVC.swift */ = {isa = PBXFileReference; fileEncoding = 4; lastKnownFileType = sourcecode.swift; path = CardVC.swift; sourceTree = "<group>"; };
		DC66D9D51C4B00280098B41A /* QorumLogs.swift */ = {isa = PBXFileReference; fileEncoding = 4; lastKnownFileType = sourcecode.swift; path = QorumLogs.swift; sourceTree = "<group>"; };
		DC66D9D81C4B008E0098B41A /* CardData.swift */ = {isa = PBXFileReference; fileEncoding = 4; lastKnownFileType = sourcecode.swift; path = CardData.swift; sourceTree = "<group>"; };
		DC66D9DA1C4B02F40098B41A /* Utility.swift */ = {isa = PBXFileReference; fileEncoding = 4; lastKnownFileType = sourcecode.swift; path = Utility.swift; sourceTree = "<group>"; };
		DC66D9DC1C4B050B0098B41A /* ContentOrganizer.swift */ = {isa = PBXFileReference; fileEncoding = 4; lastKnownFileType = sourcecode.swift; path = ContentOrganizer.swift; sourceTree = "<group>"; };
		DC66D9DE1C4B063F0098B41A /* SwipeAction.swift */ = {isa = PBXFileReference; fileEncoding = 4; lastKnownFileType = sourcecode.swift; path = SwipeAction.swift; sourceTree = "<group>"; };
		DC66D9E11C4B12A00098B41A /* LandingVC.swift */ = {isa = PBXFileReference; fileEncoding = 4; lastKnownFileType = sourcecode.swift; path = LandingVC.swift; sourceTree = "<group>"; };
		DC66D9E41C4B1C520098B41A /* AuthorView.swift */ = {isa = PBXFileReference; fileEncoding = 4; lastKnownFileType = sourcecode.swift; path = AuthorView.swift; sourceTree = "<group>"; };
		DC66D9E61C4B31390098B41A /* ContentView.swift */ = {isa = PBXFileReference; fileEncoding = 4; lastKnownFileType = sourcecode.swift; path = ContentView.swift; sourceTree = "<group>"; };
		DC66D9E81C4B48D40098B41A /* Network.swift */ = {isa = PBXFileReference; fileEncoding = 4; lastKnownFileType = sourcecode.swift; path = Network.swift; sourceTree = "<group>"; };
		DC66D9EB1C4B946E0098B41A /* SFCompactDisplay-Regular.ttf */ = {isa = PBXFileReference; lastKnownFileType = file; path = "SFCompactDisplay-Regular.ttf"; sourceTree = "<group>"; };
		DC66D9ED1C4B96D70098B41A /* ImageView.swift */ = {isa = PBXFileReference; fileEncoding = 4; lastKnownFileType = sourcecode.swift; path = ImageView.swift; sourceTree = "<group>"; };
		FA7F5369949AC036FFB2CAB4 /* Pods_githackathon.framework */ = {isa = PBXFileReference; explicitFileType = wrapper.framework; includeInIndex = 0; path = Pods_githackathon.framework; sourceTree = BUILT_PRODUCTS_DIR; };
/* End PBXFileReference section */

/* Begin PBXFrameworksBuildPhase section */
		DC66D9AD1C4ABB7C0098B41A /* Frameworks */ = {
			isa = PBXFrameworksBuildPhase;
			buildActionMask = 2147483647;
			files = (
				5882542F29F8AC42F5B6604A /* Pods_githackathon.framework in Frameworks */,
			);
			runOnlyForDeploymentPostprocessing = 0;
		};
/* End PBXFrameworksBuildPhase section */

/* Begin PBXGroup section */
		76E6D0AE1A05DE5B6078F7D3 /* Frameworks */ = {
			isa = PBXGroup;
			children = (
				FA7F5369949AC036FFB2CAB4 /* Pods_githackathon.framework */,
			);
			name = Frameworks;
			sourceTree = "<group>";
		};
		C62DAC76F4987C3BDE0AD8FD /* Pods */ = {
			isa = PBXGroup;
			children = (
				D893C83283811A5BDC4C6C09 /* Pods-githackathon.debug.xcconfig */,
				C4BFD25731B9211AD824E565 /* Pods-githackathon.release.xcconfig */,
			);
			name = Pods;
			sourceTree = "<group>";
		};
		DC66D9A71C4ABB7C0098B41A = {
			isa = PBXGroup;
			children = (
				DC66D9B21C4ABB7C0098B41A /* githackathon */,
				DC66D9B11C4ABB7C0098B41A /* Products */,
				C62DAC76F4987C3BDE0AD8FD /* Pods */,
				76E6D0AE1A05DE5B6078F7D3 /* Frameworks */,
			);
			sourceTree = "<group>";
		};
		DC66D9B11C4ABB7C0098B41A /* Products */ = {
			isa = PBXGroup;
			children = (
				DC66D9B01C4ABB7C0098B41A /* githackathon.app */,
			);
			name = Products;
			sourceTree = "<group>";
		};
		DC66D9B21C4ABB7C0098B41A /* githackathon */ = {
			isa = PBXGroup;
			children = (
				DC66D9EB1C4B946E0098B41A /* SFCompactDisplay-Regular.ttf */,
				DC66D9EA1C4B4B520098B41A /* Network */,
				DC66D9D71C4B00870098B41A /* Modal */,
				DC66D9D41C4B00100098B41A /* Utils */,
				DC66D9CB1C4AFDD50098B41A /* SwipableCard */,
				DC66D9B31C4ABB7C0098B41A /* AppDelegate.swift */,
				DC66D9C71C4AF89D0098B41A /* MainVC.swift */,
				DC66D9E11C4B12A00098B41A /* LandingVC.swift */,
				DC66D9BA1C4ABB7C0098B41A /* Assets.xcassets */,
				DC66D9BF1C4ABB7C0098B41A /* Info.plist */,
			);
			path = githackathon;
			sourceTree = "<group>";
		};
		DC66D9CB1C4AFDD50098B41A /* SwipableCard */ = {
			isa = PBXGroup;
			children = (
				DC66D9E31C4B1C490098B41A /* Views */,
				DC66D9E01C4B11570098B41A /* Generics */,
				DC66D9DE1C4B063F0098B41A /* SwipeAction.swift */,
				DC66D9CE1C4AFE0C0098B41A /* MainCard.swift */,
			);
			name = SwipableCard;
			sourceTree = "<group>";
		};
		DC66D9D41C4B00100098B41A /* Utils */ = {
			isa = PBXGroup;
			children = (
				DC66D9D51C4B00280098B41A /* QorumLogs.swift */,
				DC66D9DA1C4B02F40098B41A /* Utility.swift */,
			);
			name = Utils;
			sourceTree = "<group>";
		};
		DC66D9D71C4B00870098B41A /* Modal */ = {
			isa = PBXGroup;
			children = (
				DC66D9D81C4B008E0098B41A /* CardData.swift */,
				DC66D9DC1C4B050B0098B41A /* ContentOrganizer.swift */,
				DC66D9C51C4AF49B0098B41A /* VCOrganizer.swift */,
			);
			name = Modal;
			sourceTree = "<group>";
		};
		DC66D9E01C4B11570098B41A /* Generics */ = {
			isa = PBXGroup;
			children = (
				DC66D9D01C4AFEA00098B41A /* CardView.swift */,
				DC66D9CC1C4AFDFB0098B41A /* CardSubView.swift */,
				DC66D9D21C4AFF690098B41A /* CardVC.swift */,
			);
			name = Generics;
			sourceTree = "<group>";
		};
		DC66D9E31C4B1C490098B41A /* Views */ = {
			isa = PBXGroup;
			children = (
				DC66D9E41C4B1C520098B41A /* AuthorView.swift */,
				DC66D9E61C4B31390098B41A /* ContentView.swift */,
				DC66D9ED1C4B96D70098B41A /* ImageView.swift */,
			);
			name = Views;
			sourceTree = "<group>";
		};
		DC66D9EA1C4B4B520098B41A /* Network */ = {
			isa = PBXGroup;
			children = (
				DC66D9E81C4B48D40098B41A /* Network.swift */,
			);
			name = Network;
			sourceTree = "<group>";
		};
/* End PBXGroup section */

/* Begin PBXNativeTarget section */
		DC66D9AF1C4ABB7C0098B41A /* githackathon */ = {
			isa = PBXNativeTarget;
			buildConfigurationList = DC66D9C21C4ABB7C0098B41A /* Build configuration list for PBXNativeTarget "githackathon" */;
			buildPhases = (
				F31CFFE0365055711C7C36B5 /* Check Pods Manifest.lock */,
				DC66D9AC1C4ABB7C0098B41A /* Sources */,
				DC66D9AD1C4ABB7C0098B41A /* Frameworks */,
				DC66D9AE1C4ABB7C0098B41A /* Resources */,
				16384BCEC1F06BF12CE569AF /* Embed Pods Frameworks */,
				235EAB3446DE2E6EBF885ED9 /* Copy Pods Resources */,
			);
			buildRules = (
			);
			dependencies = (
			);
			name = githackathon;
			productName = githackathon;
			productReference = DC66D9B01C4ABB7C0098B41A /* githackathon.app */;
			productType = "com.apple.product-type.application";
		};
/* End PBXNativeTarget section */

/* Begin PBXProject section */
		DC66D9A81C4ABB7C0098B41A /* Project object */ = {
			isa = PBXProject;
			attributes = {
				LastSwiftUpdateCheck = 0720;
				LastUpgradeCheck = 0720;
				ORGANIZATIONNAME = "Furkan Yilmaz";
				TargetAttributes = {
					DC66D9AF1C4ABB7C0098B41A = {
						CreatedOnToolsVersion = 7.2;
					};
				};
			};
			buildConfigurationList = DC66D9AB1C4ABB7C0098B41A /* Build configuration list for PBXProject "githackathon" */;
			compatibilityVersion = "Xcode 3.2";
			developmentRegion = English;
			hasScannedForEncodings = 0;
			knownRegions = (
				en,
				Base,
			);
			mainGroup = DC66D9A71C4ABB7C0098B41A;
			productRefGroup = DC66D9B11C4ABB7C0098B41A /* Products */;
			projectDirPath = "";
			projectRoot = "";
			targets = (
				DC66D9AF1C4ABB7C0098B41A /* githackathon */,
			);
		};
/* End PBXProject section */

/* Begin PBXResourcesBuildPhase section */
		DC66D9AE1C4ABB7C0098B41A /* Resources */ = {
			isa = PBXResourcesBuildPhase;
			buildActionMask = 2147483647;
			files = (
				DC66D9BB1C4ABB7C0098B41A /* Assets.xcassets in Resources */,
				DC66D9EC1C4B94D50098B41A /* SFCompactDisplay-Regular.ttf in Resources */,
			);
			runOnlyForDeploymentPostprocessing = 0;
		};
/* End PBXResourcesBuildPhase section */

/* Begin PBXShellScriptBuildPhase section */
		16384BCEC1F06BF12CE569AF /* Embed Pods Frameworks */ = {
			isa = PBXShellScriptBuildPhase;
			buildActionMask = 2147483647;
			files = (
			);
			inputPaths = (
			);
			name = "Embed Pods Frameworks";
			outputPaths = (
			);
			runOnlyForDeploymentPostprocessing = 0;
			shellPath = /bin/sh;
			shellScript = "\"${SRCROOT}/Pods/Target Support Files/Pods-githackathon/Pods-githackathon-frameworks.sh\"\n";
			showEnvVarsInLog = 0;
		};
		235EAB3446DE2E6EBF885ED9 /* Copy Pods Resources */ = {
			isa = PBXShellScriptBuildPhase;
			buildActionMask = 2147483647;
			files = (
			);
			inputPaths = (
			);
			name = "Copy Pods Resources";
			outputPaths = (
			);
			runOnlyForDeploymentPostprocessing = 0;
			shellPath = /bin/sh;
			shellScript = "\"${SRCROOT}/Pods/Target Support Files/Pods-githackathon/Pods-githackathon-resources.sh\"\n";
			showEnvVarsInLog = 0;
		};
		F31CFFE0365055711C7C36B5 /* Check Pods Manifest.lock */ = {
			isa = PBXShellScriptBuildPhase;
			buildActionMask = 2147483647;
			files = (
			);
			inputPaths = (
			);
			name = "Check Pods Manifest.lock";
			outputPaths = (
			);
			runOnlyForDeploymentPostprocessing = 0;
			shellPath = /bin/sh;
			shellScript = "diff \"${PODS_ROOT}/../Podfile.lock\" \"${PODS_ROOT}/Manifest.lock\" > /dev/null\nif [[ $? != 0 ]] ; then\n    cat << EOM\nerror: The sandbox is not in sync with the Podfile.lock. Run 'pod install' or update your CocoaPods installation.\nEOM\n    exit 1\nfi\n";
			showEnvVarsInLog = 0;
		};
/* End PBXShellScriptBuildPhase section */

/* Begin PBXSourcesBuildPhase section */
		DC66D9AC1C4ABB7C0098B41A /* Sources */ = {
			isa = PBXSourcesBuildPhase;
			buildActionMask = 2147483647;
			files = (
				DC66D9D11C4AFEA00098B41A /* CardView.swift in Sources */,
				DC66D9DD1C4B050B0098B41A /* ContentOrganizer.swift in Sources */,
				DC66D9E91C4B48D40098B41A /* Network.swift in Sources */,
				DC66D9EE1C4B96D70098B41A /* ImageView.swift in Sources */,
				DC66D9E21C4B12A00098B41A /* LandingVC.swift in Sources */,
				DC66D9CD1C4AFDFB0098B41A /* CardSubView.swift in Sources */,
				DC66D9D31C4AFF690098B41A /* CardVC.swift in Sources */,
				DC66D9DB1C4B02F40098B41A /* Utility.swift in Sources */,
				DC66D9DF1C4B063F0098B41A /* SwipeAction.swift in Sources */,
				DC66D9C81C4AF89D0098B41A /* MainVC.swift in Sources */,
				DC66D9D91C4B008E0098B41A /* CardData.swift in Sources */,
				DC66D9E71C4B31390098B41A /* ContentView.swift in Sources */,
				DC66D9E51C4B1C520098B41A /* AuthorView.swift in Sources */,
				DC66D9D61C4B00280098B41A /* QorumLogs.swift in Sources */,
				DC66D9B41C4ABB7C0098B41A /* AppDelegate.swift in Sources */,
				DC66D9CF1C4AFE0C0098B41A /* MainCard.swift in Sources */,
				DC66D9C61C4AF49B0098B41A /* VCOrganizer.swift in Sources */,
			);
			runOnlyForDeploymentPostprocessing = 0;
		};
/* End PBXSourcesBuildPhase section */

/* Begin XCBuildConfiguration section */
		DC66D9C01C4ABB7C0098B41A /* Debug */ = {
			isa = XCBuildConfiguration;
			buildSettings = {
				ALWAYS_SEARCH_USER_PATHS = NO;
				CLANG_CXX_LANGUAGE_STANDARD = "gnu++0x";
				CLANG_CXX_LIBRARY = "libc++";
				CLANG_ENABLE_MODULES = YES;
				CLANG_ENABLE_OBJC_ARC = YES;
				CLANG_WARN_BOOL_CONVERSION = YES;
				CLANG_WARN_CONSTANT_CONVERSION = YES;
				CLANG_WARN_DIRECT_OBJC_ISA_USAGE = YES_ERROR;
				CLANG_WARN_EMPTY_BODY = YES;
				CLANG_WARN_ENUM_CONVERSION = YES;
				CLANG_WARN_INT_CONVERSION = YES;
				CLANG_WARN_OBJC_ROOT_CLASS = YES_ERROR;
				CLANG_WARN_UNREACHABLE_CODE = YES;
				CLANG_WARN__DUPLICATE_METHOD_MATCH = YES;
				"CODE_SIGN_IDENTITY[sdk=iphoneos*]" = "iPhone Developer";
				COPY_PHASE_STRIP = NO;
				DEBUG_INFORMATION_FORMAT = dwarf;
				ENABLE_STRICT_OBJC_MSGSEND = YES;
				ENABLE_TESTABILITY = YES;
				GCC_C_LANGUAGE_STANDARD = gnu99;
				GCC_DYNAMIC_NO_PIC = NO;
				GCC_NO_COMMON_BLOCKS = YES;
				GCC_OPTIMIZATION_LEVEL = 0;
				GCC_PREPROCESSOR_DEFINITIONS = (
					"DEBUG=1",
					"$(inherited)",
				);
				GCC_WARN_64_TO_32_BIT_CONVERSION = YES;
				GCC_WARN_ABOUT_RETURN_TYPE = YES_ERROR;
				GCC_WARN_UNDECLARED_SELECTOR = YES;
				GCC_WARN_UNINITIALIZED_AUTOS = YES_AGGRESSIVE;
				GCC_WARN_UNUSED_FUNCTION = YES;
				GCC_WARN_UNUSED_VARIABLE = YES;
				IPHONEOS_DEPLOYMENT_TARGET = 9.2;
				MTL_ENABLE_DEBUG_INFO = YES;
				ONLY_ACTIVE_ARCH = YES;
				SDKROOT = iphoneos;
				SWIFT_OPTIMIZATION_LEVEL = "-Onone";
				TARGETED_DEVICE_FAMILY = "1,2";
			};
			name = Debug;
		};
		DC66D9C11C4ABB7C0098B41A /* Release */ = {
			isa = XCBuildConfiguration;
			buildSettings = {
				ALWAYS_SEARCH_USER_PATHS = NO;
				CLANG_CXX_LANGUAGE_STANDARD = "gnu++0x";
				CLANG_CXX_LIBRARY = "libc++";
				CLANG_ENABLE_MODULES = YES;
				CLANG_ENABLE_OBJC_ARC = YES;
				CLANG_WARN_BOOL_CONVERSION = YES;
				CLANG_WARN_CONSTANT_CONVERSION = YES;
				CLANG_WARN_DIRECT_OBJC_ISA_USAGE = YES_ERROR;
				CLANG_WARN_EMPTY_BODY = YES;
				CLANG_WARN_ENUM_CONVERSION = YES;
				CLANG_WARN_INT_CONVERSION = YES;
				CLANG_WARN_OBJC_ROOT_CLASS = YES_ERROR;
				CLANG_WARN_UNREACHABLE_CODE = YES;
				CLANG_WARN__DUPLICATE_METHOD_MATCH = YES;
				"CODE_SIGN_IDENTITY[sdk=iphoneos*]" = "iPhone Developer";
				COPY_PHASE_STRIP = NO;
				DEBUG_INFORMATION_FORMAT = "dwarf-with-dsym";
				ENABLE_NS_ASSERTIONS = NO;
				ENABLE_STRICT_OBJC_MSGSEND = YES;
				GCC_C_LANGUAGE_STANDARD = gnu99;
				GCC_NO_COMMON_BLOCKS = YES;
				GCC_WARN_64_TO_32_BIT_CONVERSION = YES;
				GCC_WARN_ABOUT_RETURN_TYPE = YES_ERROR;
				GCC_WARN_UNDECLARED_SELECTOR = YES;
				GCC_WARN_UNINITIALIZED_AUTOS = YES_AGGRESSIVE;
				GCC_WARN_UNUSED_FUNCTION = YES;
				GCC_WARN_UNUSED_VARIABLE = YES;
				IPHONEOS_DEPLOYMENT_TARGET = 9.2;
				MTL_ENABLE_DEBUG_INFO = NO;
				SDKROOT = iphoneos;
				TARGETED_DEVICE_FAMILY = "1,2";
				VALIDATE_PRODUCT = YES;
			};
			name = Release;
		};
		DC66D9C31C4ABB7C0098B41A /* Debug */ = {
			isa = XCBuildConfiguration;
			baseConfigurationReference = D893C83283811A5BDC4C6C09 /* Pods-githackathon.debug.xcconfig */;
			buildSettings = {
				ASSETCATALOG_COMPILER_APPICON_NAME = AppIcon;
				INFOPLIST_FILE = githackathon/Info.plist;
				LD_RUNPATH_SEARCH_PATHS = "$(inherited) @executable_path/Frameworks";
				PRODUCT_BUNDLE_IDENTIFIER = gbf.githackathon;
				PRODUCT_NAME = "$(TARGET_NAME)";
			};
			name = Debug;
		};
		DC66D9C41C4ABB7C0098B41A /* Release */ = {
			isa = XCBuildConfiguration;
			baseConfigurationReference = C4BFD25731B9211AD824E565 /* Pods-githackathon.release.xcconfig */;
			buildSettings = {
				ASSETCATALOG_COMPILER_APPICON_NAME = AppIcon;
				INFOPLIST_FILE = githackathon/Info.plist;
				LD_RUNPATH_SEARCH_PATHS = "$(inherited) @executable_path/Frameworks";
				PRODUCT_BUNDLE_IDENTIFIER = gbf.githackathon;
				PRODUCT_NAME = "$(TARGET_NAME)";
			};
			name = Release;
		};
/* End XCBuildConfiguration section */

/* Begin XCConfigurationList section */
		DC66D9AB1C4ABB7C0098B41A /* Build configuration list for PBXProject "githackathon" */ = {
			isa = XCConfigurationList;
			buildConfigurations = (
				DC66D9C01C4ABB7C0098B41A /* Debug */,
				DC66D9C11C4ABB7C0098B41A /* Release */,
			);
			defaultConfigurationIsVisible = 0;
			defaultConfigurationName = Release;
		};
		DC66D9C21C4ABB7C0098B41A /* Build configuration list for PBXNativeTarget "githackathon" */ = {
			isa = XCConfigurationList;
			buildConfigurations = (
				DC66D9C31C4ABB7C0098B41A /* Debug */,
				DC66D9C41C4ABB7C0098B41A /* Release */,
			);
			defaultConfigurationIsVisible = 0;
			defaultConfigurationName = Release;
		};
/* End XCConfigurationList section */
	};
	rootObject = DC66D9A81C4ABB7C0098B41A /* Project object */;
}
