// !$*UTF8*$!
{
	archiveVersion = 1;
	classes = {
	};
	objectVersion = 46;
	objects = {

/* Begin PBXBuildFile section */
		DC66D9B41C4ABB7C0098B41A /* AppDelegate.swift in Sources */ = {isa = PBXBuildFile; fileRef = DC66D9B31C4ABB7C0098B41A /* AppDelegate.swift */; };
		DC66D9B61C4ABB7C0098B41A /* ViewController.swift in Sources */ = {isa = PBXBuildFile; fileRef = DC66D9B51C4ABB7C0098B41A /* ViewController.swift */; };
		DC66D9B91C4ABB7C0098B41A /* Main.storyboard in Resources */ = {isa = PBXBuildFile; fileRef = DC66D9B71C4ABB7C0098B41A /* Main.storyboard */; };
		DC66D9BB1C4ABB7C0098B41A /* Assets.xcassets in Resources */ = {isa = PBXBuildFile; fileRef = DC66D9BA1C4ABB7C0098B41A /* Assets.xcassets */; };
		DC66D9BE1C4ABB7C0098B41A /* LaunchScreen.storyboard in Resources */ = {isa = PBXBuildFile; fileRef = DC66D9BC1C4ABB7C0098B41A /* LaunchScreen.storyboard */; };
/* End PBXBuildFile section */

/* Begin PBXFileReference section */
		DC66D9B01C4ABB7C0098B41A /* githackathon.app */ = {isa = PBXFileReference; explicitFileType = wrapper.application; includeInIndex = 0; path = githackathon.app; sourceTree = BUILT_PRODUCTS_DIR; };
		DC66D9B31C4ABB7C0098B41A /* AppDelegate.swift */ = {isa = PBXFileReference; lastKnownFileType = sourcecode.swift; path = AppDelegate.swift; sourceTree = "<group>"; };
		DC66D9B51C4ABB7C0098B41A /* ViewController.swift */ = {isa = PBXFileReference; lastKnownFileType = sourcecode.swift; path = ViewController.swift; sourceTree = "<group>"; };
		DC66D9B81C4ABB7C0098B41A /* Base */ = {isa = PBXFileReference; lastKnownFileType = file.storyboard; name = Base; path = Base.lproj/Main.storyboard; sourceTree = "<group>"; };
		DC66D9BA1C4ABB7C0098B41A /* Assets.xcassets */ = {isa = PBXFileReference; lastKnownFileType = folder.assetcatalog; path = Assets.xcassets; sourceTree = "<group>"; };
		DC66D9BD1C4ABB7C0098B41A /* Base */ = {isa = PBXFileReference; lastKnownFileType = file.storyboard; name = Base; path = Base.lproj/LaunchScreen.storyboard; sourceTree = "<group>"; };
		DC66D9BF1C4ABB7C0098B41A /* Info.plist */ = {isa = PBXFileReference; lastKnownFileType = text.plist.xml; path = Info.plist; sourceTree = "<group>"; };
/* End PBXFileReference section */

/* Begin PBXFrameworksBuildPhase section */
		DC66D9AD1C4ABB7C0098B41A /* Frameworks */ = {
			isa = PBXFrameworksBuildPhase;
			buildActionMask = 2147483647;
			files = (
			);
			runOnlyForDeploymentPostprocessing = 0;
		};
/* End PBXFrameworksBuildPhase section */

/* Begin PBXGroup section */
		DC66D9A71C4ABB7C0098B41A = {
			isa = PBXGroup;
			children = (
				DC66D9B21C4ABB7C0098B41A /* githackathon */,
				DC66D9B11C4ABB7C0098B41A /* Products */,
			);
			sourceTree = "<group>";
		};
		DC66D9B11C4ABB7C0098B41A /* Products */ = {
			isa = PBXGroup;
			children = (
				DC66D9B01C4ABB7C0098B41A /* githackathon.app */,
			);
			name = Products;
			sourceTree = "<group>";
		};
		DC66D9B21C4ABB7C0098B41A /* githackathon */ = {
			isa = PBXGroup;
			children = (
				DC66D9B31C4ABB7C0098B41A /* AppDelegate.swift */,
				DC66D9B51C4ABB7C0098B41A /* ViewController.swift */,
				DC66D9B71C4ABB7C0098B41A /* Main.storyboard */,
				DC66D9BA1C4ABB7C0098B41A /* Assets.xcassets */,
				DC66D9BC1C4ABB7C0098B41A /* LaunchScreen.storyboard */,
				DC66D9BF1C4ABB7C0098B41A /* Info.plist */,
			);
			path = githackathon;
			sourceTree = "<group>";
		};
/* End PBXGroup section */

/* Begin PBXNativeTarget section */
		DC66D9AF1C4ABB7C0098B41A /* githackathon */ = {
			isa = PBXNativeTarget;
			buildConfigurationList = DC66D9C21C4ABB7C0098B41A /* Build configuration list for PBXNativeTarget "githackathon" */;
			buildPhases = (
				DC66D9AC1C4ABB7C0098B41A /* Sources */,
				DC66D9AD1C4ABB7C0098B41A /* Frameworks */,
				DC66D9AE1C4ABB7C0098B41A /* Resources */,
			);
			buildRules = (
			);
			dependencies = (
			);
			name = githackathon;
			productName = githackathon;
			productReference = DC66D9B01C4ABB7C0098B41A /* githackathon.app */;
			productType = "com.apple.product-type.application";
		};
/* End PBXNativeTarget section */

/* Begin PBXProject section */
		DC66D9A81C4ABB7C0098B41A /* Project object */ = {
			isa = PBXProject;
			attributes = {
				LastSwiftUpdateCheck = 0720;
				LastUpgradeCheck = 0720;
				ORGANIZATIONNAME = "Furkan Yilmaz";
				TargetAttributes = {
					DC66D9AF1C4ABB7C0098B41A = {
						CreatedOnToolsVersion = 7.2;
					};
				};
			};
			buildConfigurationList = DC66D9AB1C4ABB7C0098B41A /* Build configuration list for PBXProject "githackathon" */;
			compatibilityVersion = "Xcode 3.2";
			developmentRegion = English;
			hasScannedForEncodings = 0;
			knownRegions = (
				en,
				Base,
			);
			mainGroup = DC66D9A71C4ABB7C0098B41A;
			productRefGroup = DC66D9B11C4ABB7C0098B41A /* Products */;
			projectDirPath = "";
			projectRoot = "";
			targets = (
				DC66D9AF1C4ABB7C0098B41A /* githackathon */,
			);
		};
/* End PBXProject section */

/* Begin PBXResourcesBuildPhase section */
		DC66D9AE1C4ABB7C0098B41A /* Resources */ = {
			isa = PBXResourcesBuildPhase;
			buildActionMask = 2147483647;
			files = (
				DC66D9BE1C4ABB7C0098B41A /* LaunchScreen.storyboard in Resources */,
				DC66D9BB1C4ABB7C0098B41A /* Assets.xcassets in Resources */,
				DC66D9B91C4ABB7C0098B41A /* Main.storyboard in Resources */,
			);
			runOnlyForDeploymentPostprocessing = 0;
		};
/* End PBXResourcesBuildPhase section */

/* Begin PBXSourcesBuildPhase section */
		DC66D9AC1C4ABB7C0098B41A /* Sources */ = {
			isa = PBXSourcesBuildPhase;
			buildActionMask = 2147483647;
			files = (
				DC66D9B61C4ABB7C0098B41A /* ViewController.swift in Sources */,
				DC66D9B41C4ABB7C0098B41A /* AppDelegate.swift in Sources */,
			);
			runOnlyForDeploymentPostprocessing = 0;
		};
/* End PBXSourcesBuildPhase section */

/* Begin PBXVariantGroup section */
		DC66D9B71C4ABB7C0098B41A /* Main.storyboard */ = {
			isa = PBXVariantGroup;
			children = (
				DC66D9B81C4ABB7C0098B41A /* Base */,
			);
			name = Main.storyboard;
			sourceTree = "<group>";
		};
		DC66D9BC1C4ABB7C0098B41A /* LaunchScreen.storyboard */ = {
			isa = PBXVariantGroup;
			children = (
				DC66D9BD1C4ABB7C0098B41A /* Base */,
			);
			name = LaunchScreen.storyboard;
			sourceTree = "<group>";
		};
/* End PBXVariantGroup section */

/* Begin XCBuildConfiguration section */
		DC66D9C01C4ABB7C0098B41A /* Debug */ = {
			isa = XCBuildConfiguration;
			buildSettings = {
				ALWAYS_SEARCH_USER_PATHS = NO;
				CLANG_CXX_LANGUAGE_STANDARD = "gnu++0x";
				CLANG_CXX_LIBRARY = "libc++";
				CLANG_ENABLE_MODULES = YES;
				CLANG_ENABLE_OBJC_ARC = YES;
				CLANG_WARN_BOOL_CONVERSION = YES;
				CLANG_WARN_CONSTANT_CONVERSION = YES;
				CLANG_WARN_DIRECT_OBJC_ISA_USAGE = YES_ERROR;
				CLANG_WARN_EMPTY_BODY = YES;
				CLANG_WARN_ENUM_CONVERSION = YES;
				CLANG_WARN_INT_CONVERSION = YES;
				CLANG_WARN_OBJC_ROOT_CLASS = YES_ERROR;
				CLANG_WARN_UNREACHABLE_CODE = YES;
				CLANG_WARN__DUPLICATE_METHOD_MATCH = YES;
				"CODE_SIGN_IDENTITY[sdk=iphoneos*]" = "iPhone Developer";
				COPY_PHASE_STRIP = NO;
				DEBUG_INFORMATION_FORMAT = dwarf;
				ENABLE_STRICT_OBJC_MSGSEND = YES;
				ENABLE_TESTABILITY = YES;
				GCC_C_LANGUAGE_STANDARD = gnu99;
				GCC_DYNAMIC_NO_PIC = NO;
				GCC_NO_COMMON_BLOCKS = YES;
				GCC_OPTIMIZATION_LEVEL = 0;
				GCC_PREPROCESSOR_DEFINITIONS = (
					"DEBUG=1",
					"$(inherited)",
				);
				GCC_WARN_64_TO_32_BIT_CONVERSION = YES;
				GCC_WARN_ABOUT_RETURN_TYPE = YES_ERROR;
				GCC_WARN_UNDECLARED_SELECTOR = YES;
				GCC_WARN_UNINITIALIZED_AUTOS = YES_AGGRESSIVE;
				GCC_WARN_UNUSED_FUNCTION = YES;
				GCC_WARN_UNUSED_VARIABLE = YES;
				IPHONEOS_DEPLOYMENT_TARGET = 9.2;
				MTL_ENABLE_DEBUG_INFO = YES;
				ONLY_ACTIVE_ARCH = YES;
				SDKROOT = iphoneos;
				SWIFT_OPTIMIZATION_LEVEL = "-Onone";
				TARGETED_DEVICE_FAMILY = "1,2";
			};
			name = Debug;
		};
		DC66D9C11C4ABB7C0098B41A /* Release */ = {
			isa = XCBuildConfiguration;
			buildSettings = {
				ALWAYS_SEARCH_USER_PATHS = NO;
				CLANG_CXX_LANGUAGE_STANDARD = "gnu++0x";
				CLANG_CXX_LIBRARY = "libc++";
				CLANG_ENABLE_MODULES = YES;
				CLANG_ENABLE_OBJC_ARC = YES;
				CLANG_WARN_BOOL_CONVERSION = YES;
				CLANG_WARN_CONSTANT_CONVERSION = YES;
				CLANG_WARN_DIRECT_OBJC_ISA_USAGE = YES_ERROR;
				CLANG_WARN_EMPTY_BODY = YES;
				CLANG_WARN_ENUM_CONVERSION = YES;
				CLANG_WARN_INT_CONVERSION = YES;
				CLANG_WARN_OBJC_ROOT_CLASS = YES_ERROR;
				CLANG_WARN_UNREACHABLE_CODE = YES;
				CLANG_WARN__DUPLICATE_METHOD_MATCH = YES;
				"CODE_SIGN_IDENTITY[sdk=iphoneos*]" = "iPhone Developer";
				COPY_PHASE_STRIP = NO;
				DEBUG_INFORMATION_FORMAT = "dwarf-with-dsym";
				ENABLE_NS_ASSERTIONS = NO;
				ENABLE_STRICT_OBJC_MSGSEND = YES;
				GCC_C_LANGUAGE_STANDARD = gnu99;
				GCC_NO_COMMON_BLOCKS = YES;
				GCC_WARN_64_TO_32_BIT_CONVERSION = YES;
				GCC_WARN_ABOUT_RETURN_TYPE = YES_ERROR;
				GCC_WARN_UNDECLARED_SELECTOR = YES;
				GCC_WARN_UNINITIALIZED_AUTOS = YES_AGGRESSIVE;
				GCC_WARN_UNUSED_FUNCTION = YES;
				GCC_WARN_UNUSED_VARIABLE = YES;
				IPHONEOS_DEPLOYMENT_TARGET = 9.2;
				MTL_ENABLE_DEBUG_INFO = NO;
				SDKROOT = iphoneos;
				TARGETED_DEVICE_FAMILY = "1,2";
				VALIDATE_PRODUCT = YES;
			};
			name = Release;
		};
		DC66D9C31C4ABB7C0098B41A /* Debug */ = {
			isa = XCBuildConfiguration;
			buildSettings = {
				ASSETCATALOG_COMPILER_APPICON_NAME = AppIcon;
				INFOPLIST_FILE = githackathon/Info.plist;
				LD_RUNPATH_SEARCH_PATHS = "$(inherited) @executable_path/Frameworks";
				PRODUCT_BUNDLE_IDENTIFIER = gbf.githackathon;
				PRODUCT_NAME = "$(TARGET_NAME)";
			};
			name = Debug;
		};
		DC66D9C41C4ABB7C0098B41A /* Release */ = {
			isa = XCBuildConfiguration;
			buildSettings = {
				ASSETCATALOG_COMPILER_APPICON_NAME = AppIcon;
				INFOPLIST_FILE = githackathon/Info.plist;
				LD_RUNPATH_SEARCH_PATHS = "$(inherited) @executable_path/Frameworks";
				PRODUCT_BUNDLE_IDENTIFIER = gbf.githackathon;
				PRODUCT_NAME = "$(TARGET_NAME)";
			};
			name = Release;
		};
/* End XCBuildConfiguration section */

/* Begin XCConfigurationList section */
		DC66D9AB1C4ABB7C0098B41A /* Build configuration list for PBXProject "githackathon" */ = {
			isa = XCConfigurationList;
			buildConfigurations = (
				DC66D9C01C4ABB7C0098B41A /* Debug */,
				DC66D9C11C4ABB7C0098B41A /* Release */,
			);
			defaultConfigurationIsVisible = 0;
			defaultConfigurationName = Release;
		};
		DC66D9C21C4ABB7C0098B41A /* Build configuration list for PBXNativeTarget "githackathon" */ = {
			isa = XCConfigurationList;
			buildConfigurations = (
				DC66D9C31C4ABB7C0098B41A /* Debug */,
				DC66D9C41C4ABB7C0098B41A /* Release */,
			);
			defaultConfigurationIsVisible = 0;
		};
/* End XCConfigurationList section */
	};
	rootObject = DC66D9A81C4ABB7C0098B41A /* Project object */;
}
